
Microsoft Visual Studio Solution File, Format Version 12.00
# Visual Studio Version 17
VisualStudioVersion = 17.14.36705.20
MinimumVisualStudioVersion = 10.0.40219.1
Project("{FAE04EC0-301F-11D3-BF4B-00C04F79EFBC}") = "Warehouse Management", "Warehouse Management\Warehouse Management.csproj", "{FE3D7C27-7180-43F1-B2B4-8198DA6CDFF1}"
EndProject
Project("{FAE04EC0-301F-11D3-BF4B-00C04F79EFBC}") = "Mean of transportation", "..\Mean of transportation\Mean of transportation.csproj", "{9B6D3CCB-2F16-481B-8AC7-4B28B5425465}"
EndProject
Project("{FAE04EC0-301F-11D3-BF4B-00C04F79EFBC}") = "Manage Bank Accounts", "..\Manage Bank Accounts\Manage Bank Accounts.csproj", "{2FC013DA-2FD5-4C79-8C2F-04432C09A84C}"
EndProject
Project("{FAE04EC0-301F-11D3-BF4B-00C04F79EFBC}") = "Smart Fire Alarm System", "..\Smart Fire Alarm System\Smart Fire Alarm System.csproj", "{6A58562D-B21F-43E7-9D66-F946148D9D6C}"
EndProject
Global
	GlobalSection(SolutionConfigurationPlatforms) = preSolution
		Debug|Any CPU = Debug|Any CPU
		Release|Any CPU = Release|Any CPU
	EndGlobalSection
	GlobalSection(ProjectConfigurationPlatforms) = postSolution
		{FE3D7C27-7180-43F1-B2B4-8198DA6CDFF1}.Debug|Any CPU.ActiveCfg = Debug|Any CPU
		{FE3D7C27-7180-43F1-B2B4-8198DA6CDFF1}.Debug|Any CPU.Build.0 = Debug|Any CPU
		{FE3D7C27-7180-43F1-B2B4-8198DA6CDFF1}.Release|Any CPU.ActiveCfg = Release|Any CPU
		{FE3D7C27-7180-43F1-B2B4-8198DA6CDFF1}.Release|Any CPU.Build.0 = Release|Any CPU
		{9B6D3CCB-2F16-481B-8AC7-4B28B5425465}.Debug|Any CPU.ActiveCfg = Debug|Any CPU
		{9B6D3CCB-2F16-481B-8AC7-4B28B5425465}.Debug|Any CPU.Build.0 = Debug|Any CPU
		{9B6D3CCB-2F16-481B-8AC7-4B28B5425465}.Release|Any CPU.ActiveCfg = Release|Any CPU
		{9B6D3CCB-2F16-481B-8AC7-4B28B5425465}.Release|Any CPU.Build.0 = Release|Any CPU
		{2FC013DA-2FD5-4C79-8C2F-04432C09A84C}.Debug|Any CPU.ActiveCfg = Debug|Any CPU
		{2FC013DA-2FD5-4C79-8C2F-04432C09A84C}.Debug|Any CPU.Build.0 = Debug|Any CPU
		{2FC013DA-2FD5-4C79-8C2F-04432C09A84C}.Release|Any CPU.ActiveCfg = Release|Any CPU
		{2FC013DA-2FD5-4C79-8C2F-04432C09A84C}.Release|Any CPU.Build.0 = Release|Any CPU
		{6A58562D-B21F-43E7-9D66-F946148D9D6C}.Debug|Any CPU.ActiveCfg = Debug|Any CPU
		{6A58562D-B21F-43E7-9D66-F946148D9D6C}.Debug|Any CPU.Build.0 = Debug|Any CPU
		{6A58562D-B21F-43E7-9D66-F946148D9D6C}.Release|Any CPU.ActiveCfg = Release|Any CPU
		{6A58562D-B21F-43E7-9D66-F946148D9D6C}.Release|Any CPU.Build.0 = Release|Any CPU
	EndGlobalSection
	GlobalSection(SolutionProperties) = preSolution
		HideSolutionNode = FALSE
	EndGlobalSection
	GlobalSection(ExtensibilityGlobals) = postSolution
		SolutionGuid = {3FCE5D57-6716-43FB-969C-8D2622DD7048}
	EndGlobalSection
EndGlobal
