
Microsoft Visual Studio Solution File, Format Version 12.00
# Visual Studio Version 17
VisualStudioVersion = 17.14.36717.8 d17.14
MinimumVisualStudioVersion = 10.0.40219.1
Project("{FAE04EC0-301F-11D3-BF4B-00C04F79EFBC}") = "SMART HOME", "SMART HOME\SMART HOME.csproj", "{BE57F62D-9D6E-478C-AA24-C105B082CDE6}"
EndProject
Global
	GlobalSection(SolutionConfigurationPlatforms) = preSolution
		Debug|Any CPU = Debug|Any CPU
		Release|Any CPU = Release|Any CPU
	EndGlobalSection
	GlobalSection(ProjectConfigurationPlatforms) = postSolution
		{BE57F62D-9D6E-478C-AA24-C105B082CDE6}.Debug|Any CPU.ActiveCfg = Debug|Any CPU
		{BE57F62D-9D6E-478C-AA24-C105B082CDE6}.Debug|Any CPU.Build.0 = Debug|Any CPU
		{BE57F62D-9D6E-478C-AA24-C105B082CDE6}.Release|Any CPU.ActiveCfg = Release|Any CPU
		{BE57F62D-9D6E-478C-AA24-C105B082CDE6}.Release|Any CPU.Build.0 = Release|Any CPU
	EndGlobalSection
	GlobalSection(SolutionProperties) = preSolution
		HideSolutionNode = FALSE
	EndGlobalSection
	GlobalSection(ExtensibilityGlobals) = postSolution
		SolutionGuid = {6B6AA6BA-48A4-443A-AFAC-AA4CA1864284}
	EndGlobalSection
EndGlobal
